// !$*UTF8*$!
{
	archiveVersion = 1;
	classes = {
	};
	objectVersion = 56;
	objects = {

/* Begin PBXBuildFile section */
		5A96317A2A2611E500F83706 /* did_you_just_fallApp.swift in Sources */ = {isa = PBXBuildFile; fileRef = 5A9631792A2611E500F83706 /* did_you_just_fallApp.swift */; };
		5A96317C2A2611E500F83706 /* ContentView.swift in Sources */ = {isa = PBXBuildFile; fileRef = 5A96317B2A2611E500F83706 /* ContentView.swift */; };
		5A96317E2A2611E600F83706 /* Assets.xcassets in Resources */ = {isa = PBXBuildFile; fileRef = 5A96317D2A2611E600F83706 /* Assets.xcassets */; };
		5A9631812A2611E600F83706 /* Preview Assets.xcassets in Resources */ = {isa = PBXBuildFile; fileRef = 5A9631802A2611E600F83706 /* Preview Assets.xcassets */; };
		5A96318B2A2611E600F83706 /* did_you_just_fall_Watch_AppTests.swift in Sources */ = {isa = PBXBuildFile; fileRef = 5A96318A2A2611E600F83706 /* did_you_just_fall_Watch_AppTests.swift */; };
		5A9631952A2611E600F83706 /* did_you_just_fall_Watch_AppUITests.swift in Sources */ = {isa = PBXBuildFile; fileRef = 5A9631942A2611E600F83706 /* did_you_just_fall_Watch_AppUITests.swift */; };
		5A9631972A2611E600F83706 /* did_you_just_fall_Watch_AppUITestsLaunchTests.swift in Sources */ = {isa = PBXBuildFile; fileRef = 5A9631962A2611E600F83706 /* did_you_just_fall_Watch_AppUITestsLaunchTests.swift */; };
/* End PBXBuildFile section */

/* Begin PBXContainerItemProxy section */
		5A9631872A2611E600F83706 /* PBXContainerItemProxy */ = {
			isa = PBXContainerItemProxy;
			containerPortal = 5A96316E2A2611E500F83706 /* Project object */;
			proxyType = 1;
			remoteGlobalIDString = 5A9631752A2611E500F83706;
			remoteInfo = "did-you-just-fall Watch App";
		};
		5A9631912A2611E600F83706 /* PBXContainerItemProxy */ = {
			isa = PBXContainerItemProxy;
			containerPortal = 5A96316E2A2611E500F83706 /* Project object */;
			proxyType = 1;
			remoteGlobalIDString = 5A9631752A2611E500F83706;
			remoteInfo = "did-you-just-fall Watch App";
		};
/* End PBXContainerItemProxy section */

/* Begin PBXFileReference section */
		5A9631762A2611E500F83706 /* did-you-just-fall Watch App.app */ = {isa = PBXFileReference; explicitFileType = wrapper.application; includeInIndex = 0; path = "did-you-just-fall Watch App.app"; sourceTree = BUILT_PRODUCTS_DIR; };
		5A9631792A2611E500F83706 /* did_you_just_fallApp.swift */ = {isa = PBXFileReference; lastKnownFileType = sourcecode.swift; path = did_you_just_fallApp.swift; sourceTree = "<group>"; };
		5A96317B2A2611E500F83706 /* ContentView.swift */ = {isa = PBXFileReference; lastKnownFileType = sourcecode.swift; path = ContentView.swift; sourceTree = "<group>"; };
		5A96317D2A2611E600F83706 /* Assets.xcassets */ = {isa = PBXFileReference; lastKnownFileType = folder.assetcatalog; path = Assets.xcassets; sourceTree = "<group>"; };
		5A9631802A2611E600F83706 /* Preview Assets.xcassets */ = {isa = PBXFileReference; lastKnownFileType = folder.assetcatalog; path = "Preview Assets.xcassets"; sourceTree = "<group>"; };
		5A9631862A2611E600F83706 /* did-you-just-fall Watch AppTests.xctest */ = {isa = PBXFileReference; explicitFileType = wrapper.cfbundle; includeInIndex = 0; path = "did-you-just-fall Watch AppTests.xctest"; sourceTree = BUILT_PRODUCTS_DIR; };
		5A96318A2A2611E600F83706 /* did_you_just_fall_Watch_AppTests.swift */ = {isa = PBXFileReference; lastKnownFileType = sourcecode.swift; path = did_you_just_fall_Watch_AppTests.swift; sourceTree = "<group>"; };
		5A9631902A2611E600F83706 /* did-you-just-fall Watch AppUITests.xctest */ = {isa = PBXFileReference; explicitFileType = wrapper.cfbundle; includeInIndex = 0; path = "did-you-just-fall Watch AppUITests.xctest"; sourceTree = BUILT_PRODUCTS_DIR; };
		5A9631942A2611E600F83706 /* did_you_just_fall_Watch_AppUITests.swift */ = {isa = PBXFileReference; lastKnownFileType = sourcecode.swift; path = did_you_just_fall_Watch_AppUITests.swift; sourceTree = "<group>"; };
		5A9631962A2611E600F83706 /* did_you_just_fall_Watch_AppUITestsLaunchTests.swift */ = {isa = PBXFileReference; lastKnownFileType = sourcecode.swift; path = did_you_just_fall_Watch_AppUITestsLaunchTests.swift; sourceTree = "<group>"; };
/* End PBXFileReference section */

/* Begin PBXFrameworksBuildPhase section */
		5A9631732A2611E500F83706 /* Frameworks */ = {
			isa = PBXFrameworksBuildPhase;
			buildActionMask = 2147483647;
			files = (
			);
			runOnlyForDeploymentPostprocessing = 0;
		};
		5A9631832A2611E600F83706 /* Frameworks */ = {
			isa = PBXFrameworksBuildPhase;
			buildActionMask = 2147483647;
			files = (
			);
			runOnlyForDeploymentPostprocessing = 0;
		};
		5A96318D2A2611E600F83706 /* Frameworks */ = {
			isa = PBXFrameworksBuildPhase;
			buildActionMask = 2147483647;
			files = (
			);
			runOnlyForDeploymentPostprocessing = 0;
		};
/* End PBXFrameworksBuildPhase section */

/* Begin PBXGroup section */
		5A96316D2A2611E500F83706 = {
			isa = PBXGroup;
			children = (
				5A9631782A2611E500F83706 /* did-you-just-fall Watch App */,
				5A9631892A2611E600F83706 /* did-you-just-fall Watch AppTests */,
				5A9631932A2611E600F83706 /* did-you-just-fall Watch AppUITests */,
				5A9631772A2611E500F83706 /* Products */,
			);
			sourceTree = "<group>";
		};
		5A9631772A2611E500F83706 /* Products */ = {
			isa = PBXGroup;
			children = (
				5A9631762A2611E500F83706 /* did-you-just-fall Watch App.app */,
				5A9631862A2611E600F83706 /* did-you-just-fall Watch AppTests.xctest */,
				5A9631902A2611E600F83706 /* did-you-just-fall Watch AppUITests.xctest */,
			);
			name = Products;
			sourceTree = "<group>";
		};
		5A9631782A2611E500F83706 /* did-you-just-fall Watch App */ = {
			isa = PBXGroup;
			children = (
				5A9631792A2611E500F83706 /* did_you_just_fallApp.swift */,
				5A96317B2A2611E500F83706 /* ContentView.swift */,
				5A96317D2A2611E600F83706 /* Assets.xcassets */,
				5A96317F2A2611E600F83706 /* Preview Content */,
			);
			path = "did-you-just-fall Watch App";
			sourceTree = "<group>";
		};
		5A96317F2A2611E600F83706 /* Preview Content */ = {
			isa = PBXGroup;
			children = (
				5A9631802A2611E600F83706 /* Preview Assets.xcassets */,
			);
			path = "Preview Content";
			sourceTree = "<group>";
		};
		5A9631892A2611E600F83706 /* did-you-just-fall Watch AppTests */ = {
			isa = PBXGroup;
			children = (
				5A96318A2A2611E600F83706 /* did_you_just_fall_Watch_AppTests.swift */,
			);
			path = "did-you-just-fall Watch AppTests";
			sourceTree = "<group>";
		};
		5A9631932A2611E600F83706 /* did-you-just-fall Watch AppUITests */ = {
			isa = PBXGroup;
			children = (
				5A9631942A2611E600F83706 /* did_you_just_fall_Watch_AppUITests.swift */,
				5A9631962A2611E600F83706 /* did_you_just_fall_Watch_AppUITestsLaunchTests.swift */,
			);
			path = "did-you-just-fall Watch AppUITests";
			sourceTree = "<group>";
		};
/* End PBXGroup section */

/* Begin PBXNativeTarget section */
		5A9631752A2611E500F83706 /* did-you-just-fall Watch App */ = {
			isa = PBXNativeTarget;
			buildConfigurationList = 5A96319A2A2611E600F83706 /* Build configuration list for PBXNativeTarget "did-you-just-fall Watch App" */;
			buildPhases = (
				5A9631722A2611E500F83706 /* Sources */,
				5A9631732A2611E500F83706 /* Frameworks */,
				5A9631742A2611E500F83706 /* Resources */,
			);
			buildRules = (
			);
			dependencies = (
			);
			name = "did-you-just-fall Watch App";
			productName = "did-you-just-fall Watch App";
			productReference = 5A9631762A2611E500F83706 /* did-you-just-fall Watch App.app */;
			productType = "com.apple.product-type.application";
		};
		5A9631852A2611E600F83706 /* did-you-just-fall Watch AppTests */ = {
			isa = PBXNativeTarget;
			buildConfigurationList = 5A96319D2A2611E600F83706 /* Build configuration list for PBXNativeTarget "did-you-just-fall Watch AppTests" */;
			buildPhases = (
				5A9631822A2611E600F83706 /* Sources */,
				5A9631832A2611E600F83706 /* Frameworks */,
				5A9631842A2611E600F83706 /* Resources */,
			);
			buildRules = (
			);
			dependencies = (
				5A9631882A2611E600F83706 /* PBXTargetDependency */,
			);
			name = "did-you-just-fall Watch AppTests";
			productName = "did-you-just-fall Watch AppTests";
			productReference = 5A9631862A2611E600F83706 /* did-you-just-fall Watch AppTests.xctest */;
			productType = "com.apple.product-type.bundle.unit-test";
		};
		5A96318F2A2611E600F83706 /* did-you-just-fall Watch AppUITests */ = {
			isa = PBXNativeTarget;
			buildConfigurationList = 5A9631A02A2611E600F83706 /* Build configuration list for PBXNativeTarget "did-you-just-fall Watch AppUITests" */;
			buildPhases = (
				5A96318C2A2611E600F83706 /* Sources */,
				5A96318D2A2611E600F83706 /* Frameworks */,
				5A96318E2A2611E600F83706 /* Resources */,
			);
			buildRules = (
			);
			dependencies = (
				5A9631922A2611E600F83706 /* PBXTargetDependency */,
			);
			name = "did-you-just-fall Watch AppUITests";
			productName = "did-you-just-fall Watch AppUITests";
			productReference = 5A9631902A2611E600F83706 /* did-you-just-fall Watch AppUITests.xctest */;
			productType = "com.apple.product-type.bundle.ui-testing";
		};
/* End PBXNativeTarget section */

/* Begin PBXProject section */
		5A96316E2A2611E500F83706 /* Project object */ = {
			isa = PBXProject;
			attributes = {
				BuildIndependentTargetsInParallel = 1;
				LastSwiftUpdateCheck = 1430;
				LastUpgradeCheck = 1430;
				TargetAttributes = {
					5A9631752A2611E500F83706 = {
						CreatedOnToolsVersion = 14.3;
					};
					5A9631852A2611E600F83706 = {
						CreatedOnToolsVersion = 14.3;
						TestTargetID = 5A9631752A2611E500F83706;
					};
					5A96318F2A2611E600F83706 = {
						CreatedOnToolsVersion = 14.3;
						TestTargetID = 5A9631752A2611E500F83706;
					};
				};
			};
			buildConfigurationList = 5A9631712A2611E500F83706 /* Build configuration list for PBXProject "did-you-just-fall" */;
			compatibilityVersion = "Xcode 14.0";
			developmentRegion = en;
			hasScannedForEncodings = 0;
			knownRegions = (
				en,
				Base,
			);
			mainGroup = 5A96316D2A2611E500F83706;
			productRefGroup = 5A9631772A2611E500F83706 /* Products */;
			projectDirPath = "";
			projectRoot = "";
			targets = (
				5A9631752A2611E500F83706 /* did-you-just-fall Watch App */,
				5A9631852A2611E600F83706 /* did-you-just-fall Watch AppTests */,
				5A96318F2A2611E600F83706 /* did-you-just-fall Watch AppUITests */,
			);
		};
/* End PBXProject section */

/* Begin PBXResourcesBuildPhase section */
		5A9631742A2611E500F83706 /* Resources */ = {
			isa = PBXResourcesBuildPhase;
			buildActionMask = 2147483647;
			files = (
				5A9631812A2611E600F83706 /* Preview Assets.xcassets in Resources */,
				5A96317E2A2611E600F83706 /* Assets.xcassets in Resources */,
			);
			runOnlyForDeploymentPostprocessing = 0;
		};
		5A9631842A2611E600F83706 /* Resources */ = {
			isa = PBXResourcesBuildPhase;
			buildActionMask = 2147483647;
			files = (
			);
			runOnlyForDeploymentPostprocessing = 0;
		};
		5A96318E2A2611E600F83706 /* Resources */ = {
			isa = PBXResourcesBuildPhase;
			buildActionMask = 2147483647;
			files = (
			);
			runOnlyForDeploymentPostprocessing = 0;
		};
/* End PBXResourcesBuildPhase section */

/* Begin PBXSourcesBuildPhase section */
		5A9631722A2611E500F83706 /* Sources */ = {
			isa = PBXSourcesBuildPhase;
			buildActionMask = 2147483647;
			files = (
				5A96317C2A2611E500F83706 /* ContentView.swift in Sources */,
				5A96317A2A2611E500F83706 /* did_you_just_fallApp.swift in Sources */,
			);
			runOnlyForDeploymentPostprocessing = 0;
		};
		5A9631822A2611E600F83706 /* Sources */ = {
			isa = PBXSourcesBuildPhase;
			buildActionMask = 2147483647;
			files = (
				5A96318B2A2611E600F83706 /* did_you_just_fall_Watch_AppTests.swift in Sources */,
			);
			runOnlyForDeploymentPostprocessing = 0;
		};
		5A96318C2A2611E600F83706 /* Sources */ = {
			isa = PBXSourcesBuildPhase;
			buildActionMask = 2147483647;
			files = (
				5A9631952A2611E600F83706 /* did_you_just_fall_Watch_AppUITests.swift in Sources */,
				5A9631972A2611E600F83706 /* did_you_just_fall_Watch_AppUITestsLaunchTests.swift in Sources */,
			);
			runOnlyForDeploymentPostprocessing = 0;
		};
/* End PBXSourcesBuildPhase section */

/* Begin PBXTargetDependency section */
		5A9631882A2611E600F83706 /* PBXTargetDependency */ = {
			isa = PBXTargetDependency;
			target = 5A9631752A2611E500F83706 /* did-you-just-fall Watch App */;
			targetProxy = 5A9631872A2611E600F83706 /* PBXContainerItemProxy */;
		};
		5A9631922A2611E600F83706 /* PBXTargetDependency */ = {
			isa = PBXTargetDependency;
			target = 5A9631752A2611E500F83706 /* did-you-just-fall Watch App */;
			targetProxy = 5A9631912A2611E600F83706 /* PBXContainerItemProxy */;
		};
/* End PBXTargetDependency section */

/* Begin XCBuildConfiguration section */
		5A9631982A2611E600F83706 /* Debug */ = {
			isa = XCBuildConfiguration;
			buildSettings = {
				ALWAYS_SEARCH_USER_PATHS = NO;
				CLANG_ANALYZER_NONNULL = YES;
				CLANG_ANALYZER_NUMBER_OBJECT_CONVERSION = YES_AGGRESSIVE;
				CLANG_CXX_LANGUAGE_STANDARD = "gnu++20";
				CLANG_ENABLE_MODULES = YES;
				CLANG_ENABLE_OBJC_ARC = YES;
				CLANG_ENABLE_OBJC_WEAK = YES;
				CLANG_WARN_BLOCK_CAPTURE_AUTORELEASING = YES;
				CLANG_WARN_BOOL_CONVERSION = YES;
				CLANG_WARN_COMMA = YES;
				CLANG_WARN_CONSTANT_CONVERSION = YES;
				CLANG_WARN_DEPRECATED_OBJC_IMPLEMENTATIONS = YES;
				CLANG_WARN_DIRECT_OBJC_ISA_USAGE = YES_ERROR;
				CLANG_WARN_DOCUMENTATION_COMMENTS = YES;
				CLANG_WARN_EMPTY_BODY = YES;
				CLANG_WARN_ENUM_CONVERSION = YES;
				CLANG_WARN_INFINITE_RECURSION = YES;
				CLANG_WARN_INT_CONVERSION = YES;
				CLANG_WARN_NON_LITERAL_NULL_CONVERSION = YES;
				CLANG_WARN_OBJC_IMPLICIT_RETAIN_SELF = YES;
				CLANG_WARN_OBJC_LITERAL_CONVERSION = YES;
				CLANG_WARN_OBJC_ROOT_CLASS = YES_ERROR;
				CLANG_WARN_QUOTED_INCLUDE_IN_FRAMEWORK_HEADER = YES;
				CLANG_WARN_RANGE_LOOP_ANALYSIS = YES;
				CLANG_WARN_STRICT_PROTOTYPES = YES;
				CLANG_WARN_SUSPICIOUS_MOVE = YES;
				CLANG_WARN_UNGUARDED_AVAILABILITY = YES_AGGRESSIVE;
				CLANG_WARN_UNREACHABLE_CODE = YES;
				CLANG_WARN__DUPLICATE_METHOD_MATCH = YES;
				COPY_PHASE_STRIP = NO;
				DEBUG_INFORMATION_FORMAT = dwarf;
				ENABLE_STRICT_OBJC_MSGSEND = YES;
				ENABLE_TESTABILITY = YES;
				GCC_C_LANGUAGE_STANDARD = gnu11;
				GCC_DYNAMIC_NO_PIC = NO;
				GCC_NO_COMMON_BLOCKS = YES;
				GCC_OPTIMIZATION_LEVEL = 0;
				GCC_PREPROCESSOR_DEFINITIONS = (
					"DEBUG=1",
					"$(inherited)",
				);
				GCC_WARN_64_TO_32_BIT_CONVERSION = YES;
				GCC_WARN_ABOUT_RETURN_TYPE = YES_ERROR;
				GCC_WARN_UNDECLARED_SELECTOR = YES;
				GCC_WARN_UNINITIALIZED_AUTOS = YES_AGGRESSIVE;
				GCC_WARN_UNUSED_FUNCTION = YES;
				GCC_WARN_UNUSED_VARIABLE = YES;
				MTL_ENABLE_DEBUG_INFO = INCLUDE_SOURCE;
				MTL_FAST_MATH = YES;
				ONLY_ACTIVE_ARCH = YES;
				SWIFT_ACTIVE_COMPILATION_CONDITIONS = DEBUG;
				SWIFT_OPTIMIZATION_LEVEL = "-Onone";
			};
			name = Debug;
		};
		5A9631992A2611E600F83706 /* Release */ = {
			isa = XCBuildConfiguration;
			buildSettings = {
				ALWAYS_SEARCH_USER_PATHS = NO;
				CLANG_ANALYZER_NONNULL = YES;
				CLANG_ANALYZER_NUMBER_OBJECT_CONVERSION = YES_AGGRESSIVE;
				CLANG_CXX_LANGUAGE_STANDARD = "gnu++20";
				CLANG_ENABLE_MODULES = YES;
				CLANG_ENABLE_OBJC_ARC = YES;
				CLANG_ENABLE_OBJC_WEAK = YES;
				CLANG_WARN_BLOCK_CAPTURE_AUTORELEASING = YES;
				CLANG_WARN_BOOL_CONVERSION = YES;
				CLANG_WARN_COMMA = YES;
				CLANG_WARN_CONSTANT_CONVERSION = YES;
				CLANG_WARN_DEPRECATED_OBJC_IMPLEMENTATIONS = YES;
				CLANG_WARN_DIRECT_OBJC_ISA_USAGE = YES_ERROR;
				CLANG_WARN_DOCUMENTATION_COMMENTS = YES;
				CLANG_WARN_EMPTY_BODY = YES;
				CLANG_WARN_ENUM_CONVERSION = YES;
				CLANG_WARN_INFINITE_RECURSION = YES;
				CLANG_WARN_INT_CONVERSION = YES;
				CLANG_WARN_NON_LITERAL_NULL_CONVERSION = YES;
				CLANG_WARN_OBJC_IMPLICIT_RETAIN_SELF = YES;
				CLANG_WARN_OBJC_LITERAL_CONVERSION = YES;
				CLANG_WARN_OBJC_ROOT_CLASS = YES_ERROR;
				CLANG_WARN_QUOTED_INCLUDE_IN_FRAMEWORK_HEADER = YES;
				CLANG_WARN_RANGE_LOOP_ANALYSIS = YES;
				CLANG_WARN_STRICT_PROTOTYPES = YES;
				CLANG_WARN_SUSPICIOUS_MOVE = YES;
				CLANG_WARN_UNGUARDED_AVAILABILITY = YES_AGGRESSIVE;
				CLANG_WARN_UNREACHABLE_CODE = YES;
				CLANG_WARN__DUPLICATE_METHOD_MATCH = YES;
				COPY_PHASE_STRIP = NO;
				DEBUG_INFORMATION_FORMAT = "dwarf-with-dsym";
				ENABLE_NS_ASSERTIONS = NO;
				ENABLE_STRICT_OBJC_MSGSEND = YES;
				GCC_C_LANGUAGE_STANDARD = gnu11;
				GCC_NO_COMMON_BLOCKS = YES;
				GCC_WARN_64_TO_32_BIT_CONVERSION = YES;
				GCC_WARN_ABOUT_RETURN_TYPE = YES_ERROR;
				GCC_WARN_UNDECLARED_SELECTOR = YES;
				GCC_WARN_UNINITIALIZED_AUTOS = YES_AGGRESSIVE;
				GCC_WARN_UNUSED_FUNCTION = YES;
				GCC_WARN_UNUSED_VARIABLE = YES;
				MTL_ENABLE_DEBUG_INFO = NO;
				MTL_FAST_MATH = YES;
				SWIFT_COMPILATION_MODE = wholemodule;
				SWIFT_OPTIMIZATION_LEVEL = "-O";
			};
			name = Release;
		};
		5A96319B2A2611E600F83706 /* Debug */ = {
			isa = XCBuildConfiguration;
			buildSettings = {
				ASSETCATALOG_COMPILER_APPICON_NAME = AppIcon;
				ASSETCATALOG_COMPILER_GLOBAL_ACCENT_COLOR_NAME = AccentColor;
				CODE_SIGN_STYLE = Automatic;
				CURRENT_PROJECT_VERSION = 1;
				DEVELOPMENT_ASSET_PATHS = "\"did-you-just-fall Watch App/Preview Content\"";
				DEVELOPMENT_TEAM = Y93QT7CVLV;
				ENABLE_PREVIEWS = YES;
				GENERATE_INFOPLIST_FILE = YES;
				INFOPLIST_KEY_CFBundleDisplayName = "did-you-just-fall";
				INFOPLIST_KEY_UISupportedInterfaceOrientations = "UIInterfaceOrientationPortrait UIInterfaceOrientationPortraitUpsideDown";
				INFOPLIST_KEY_WKCompanionAppBundleIdentifier = "";
				LD_RUNPATH_SEARCH_PATHS = (
					"$(inherited)",
					"@executable_path/Frameworks",
				);
				MARKETING_VERSION = 1.0;
				PRODUCT_BUNDLE_IDENTIFIER = .watchkitapp;
				PRODUCT_NAME = "$(TARGET_NAME)";
				SDKROOT = watchos;
				SKIP_INSTALL = YES;
				SWIFT_EMIT_LOC_STRINGS = YES;
				SWIFT_VERSION = 5.0;
				TARGETED_DEVICE_FAMILY = 4;
				WATCHOS_DEPLOYMENT_TARGET = 9.4;
			};
			name = Debug;
		};
		5A96319C2A2611E600F83706 /* Release */ = {
			isa = XCBuildConfiguration;
			buildSettings = {
				ASSETCATALOG_COMPILER_APPICON_NAME = AppIcon;
				ASSETCATALOG_COMPILER_GLOBAL_ACCENT_COLOR_NAME = AccentColor;
				CODE_SIGN_STYLE = Automatic;
				CURRENT_PROJECT_VERSION = 1;
				DEVELOPMENT_ASSET_PATHS = "\"did-you-just-fall Watch App/Preview Content\"";
				DEVELOPMENT_TEAM = Y93QT7CVLV;
				ENABLE_PREVIEWS = YES;
				GENERATE_INFOPLIST_FILE = YES;
				INFOPLIST_KEY_CFBundleDisplayName = "did-you-just-fall";
				INFOPLIST_KEY_UISupportedInterfaceOrientations = "UIInterfaceOrientationPortrait UIInterfaceOrientationPortraitUpsideDown";
				INFOPLIST_KEY_WKCompanionAppBundleIdentifier = "";
				LD_RUNPATH_SEARCH_PATHS = (
					"$(inherited)",
					"@executable_path/Frameworks",
				);
				MARKETING_VERSION = 1.0;
				PRODUCT_BUNDLE_IDENTIFIER = .watchkitapp;
				PRODUCT_NAME = "$(TARGET_NAME)";
				SDKROOT = watchos;
				SKIP_INSTALL = YES;
				SWIFT_EMIT_LOC_STRINGS = YES;
				SWIFT_VERSION = 5.0;
				TARGETED_DEVICE_FAMILY = 4;
				VALIDATE_PRODUCT = YES;
				WATCHOS_DEPLOYMENT_TARGET = 9.4;
			};
			name = Release;
		};
		5A96319E2A2611E600F83706 /* Debug */ = {
			isa = XCBuildConfiguration;
			buildSettings = {
				ALWAYS_EMBED_SWIFT_STANDARD_LIBRARIES = YES;
				BUNDLE_LOADER = "$(TEST_HOST)";
				CODE_SIGN_STYLE = Automatic;
				CURRENT_PROJECT_VERSION = 1;
				DEVELOPMENT_TEAM = Y93QT7CVLV;
				GENERATE_INFOPLIST_FILE = YES;
				MARKETING_VERSION = 1.0;
				PRODUCT_BUNDLE_IDENTIFIER = "dev.did-you-just-fall-Watch-AppTests";
				PRODUCT_NAME = "$(TARGET_NAME)";
				SDKROOT = watchos;
				SWIFT_EMIT_LOC_STRINGS = NO;
				SWIFT_VERSION = 5.0;
				TARGETED_DEVICE_FAMILY = 4;
				TEST_HOST = "$(BUILT_PRODUCTS_DIR)/did-you-just-fall Watch App.app/$(BUNDLE_EXECUTABLE_FOLDER_PATH)/did-you-just-fall Watch App";
				WATCHOS_DEPLOYMENT_TARGET = 9.4;
			};
			name = Debug;
		};
		5A96319F2A2611E600F83706 /* Release */ = {
			isa = XCBuildConfiguration;
			buildSettings = {
				ALWAYS_EMBED_SWIFT_STANDARD_LIBRARIES = YES;
				BUNDLE_LOADER = "$(TEST_HOST)";
				CODE_SIGN_STYLE = Automatic;
				CURRENT_PROJECT_VERSION = 1;
				DEVELOPMENT_TEAM = Y93QT7CVLV;
				GENERATE_INFOPLIST_FILE = YES;
				MARKETING_VERSION = 1.0;
				PRODUCT_BUNDLE_IDENTIFIER = "dev.did-you-just-fall-Watch-AppTests";
				PRODUCT_NAME = "$(TARGET_NAME)";
				SDKROOT = watchos;
				SWIFT_EMIT_LOC_STRINGS = NO;
				SWIFT_VERSION = 5.0;
				TARGETED_DEVICE_FAMILY = 4;
				TEST_HOST = "$(BUILT_PRODUCTS_DIR)/did-you-just-fall Watch App.app/$(BUNDLE_EXECUTABLE_FOLDER_PATH)/did-you-just-fall Watch App";
				VALIDATE_PRODUCT = YES;
				WATCHOS_DEPLOYMENT_TARGET = 9.4;
			};
			name = Release;
		};
		5A9631A12A2611E600F83706 /* Debug */ = {
			isa = XCBuildConfiguration;
			buildSettings = {
				ALWAYS_EMBED_SWIFT_STANDARD_LIBRARIES = YES;
				CODE_SIGN_STYLE = Automatic;
				CURRENT_PROJECT_VERSION = 1;
				DEVELOPMENT_TEAM = Y93QT7CVLV;
				GENERATE_INFOPLIST_FILE = YES;
				MARKETING_VERSION = 1.0;
				PRODUCT_BUNDLE_IDENTIFIER = "dev.did-you-just-fall-Watch-AppUITests";
				PRODUCT_NAME = "$(TARGET_NAME)";
				SDKROOT = watchos;
				SWIFT_EMIT_LOC_STRINGS = NO;
				SWIFT_VERSION = 5.0;
				TARGETED_DEVICE_FAMILY = 4;
				TEST_TARGET_NAME = "did-you-just-fall Watch App";
				WATCHOS_DEPLOYMENT_TARGET = 9.4;
			};
			name = Debug;
		};
		5A9631A22A2611E600F83706 /* Release */ = {
			isa = XCBuildConfiguration;
			buildSettings = {
				ALWAYS_EMBED_SWIFT_STANDARD_LIBRARIES = YES;
				CODE_SIGN_STYLE = Automatic;
				CURRENT_PROJECT_VERSION = 1;
				DEVELOPMENT_TEAM = Y93QT7CVLV;
				GENERATE_INFOPLIST_FILE = YES;
				MARKETING_VERSION = 1.0;
				PRODUCT_BUNDLE_IDENTIFIER = "dev.did-you-just-fall-Watch-AppUITests";
				PRODUCT_NAME = "$(TARGET_NAME)";
				SDKROOT = watchos;
				SWIFT_EMIT_LOC_STRINGS = NO;
				SWIFT_VERSION = 5.0;
				TARGETED_DEVICE_FAMILY = 4;
				TEST_TARGET_NAME = "did-you-just-fall Watch App";
				VALIDATE_PRODUCT = YES;
				WATCHOS_DEPLOYMENT_TARGET = 9.4;
			};
			name = Release;
		};
/* End XCBuildConfiguration section */

/* Begin XCConfigurationList section */
		5A9631712A2611E500F83706 /* Build configuration list for PBXProject "did-you-just-fall" */ = {
			isa = XCConfigurationList;
			buildConfigurations = (
				5A9631982A2611E600F83706 /* Debug */,
				5A9631992A2611E600F83706 /* Release */,
			);
			defaultConfigurationIsVisible = 0;
			defaultConfigurationName = Release;
		};
		5A96319A2A2611E600F83706 /* Build configuration list for PBXNativeTarget "did-you-just-fall Watch App" */ = {
			isa = XCConfigurationList;
			buildConfigurations = (
				5A96319B2A2611E600F83706 /* Debug */,
				5A96319C2A2611E600F83706 /* Release */,
			);
			defaultConfigurationIsVisible = 0;
			defaultConfigurationName = Release;
		};
		5A96319D2A2611E600F83706 /* Build configuration list for PBXNativeTarget "did-you-just-fall Watch AppTests" */ = {
			isa = XCConfigurationList;
			buildConfigurations = (
				5A96319E2A2611E600F83706 /* Debug */,
				5A96319F2A2611E600F83706 /* Release */,
			);
			defaultConfigurationIsVisible = 0;
			defaultConfigurationName = Release;
		};
		5A9631A02A2611E600F83706 /* Build configuration list for PBXNativeTarget "did-you-just-fall Watch AppUITests" */ = {
			isa = XCConfigurationList;
			buildConfigurations = (
				5A9631A12A2611E600F83706 /* Debug */,
				5A9631A22A2611E600F83706 /* Release */,
			);
			defaultConfigurationIsVisible = 0;
			defaultConfigurationName = Release;
		};
/* End XCConfigurationList section */
	};
	rootObject = 5A96316E2A2611E500F83706 /* Project object */;
}
